
Microsoft Visual Studio Solution File, Format Version 12.00
# Visual Studio Version 17
VisualStudioVersion = 17.10.35013.160
MinimumVisualStudioVersion = 10.0.40219.1
Project("{FAE04EC0-301F-11D3-BF4B-00C04F79EFBC}") = "ShortLoanApplication", "ShortLoanApplication\ShortLoanApplication.csproj", "{C81B3CE1-793B-422C-BF6D-B88DB5B58DF7}"
EndProject
Global
	GlobalSection(SolutionConfigurationPlatforms) = preSolution
		Debug|Any CPU = Debug|Any CPU
		Release|Any CPU = Release|Any CPU
	EndGlobalSection
	GlobalSection(ProjectConfigurationPlatforms) = postSolution
		{C81B3CE1-793B-422C-BF6D-B88DB5B58DF7}.Debug|Any CPU.ActiveCfg = Debug|Any CPU
		{C81B3CE1-793B-422C-BF6D-B88DB5B58DF7}.Debug|Any CPU.Build.0 = Debug|Any CPU
		{C81B3CE1-793B-422C-BF6D-B88DB5B58DF7}.Release|Any CPU.ActiveCfg = Release|Any CPU
		{C81B3CE1-793B-422C-BF6D-B88DB5B58DF7}.Release|Any CPU.Build.0 = Release|Any CPU
	EndGlobalSection
	GlobalSection(SolutionProperties) = preSolution
		HideSolutionNode = FALSE
	EndGlobalSection
	GlobalSection(ExtensibilityGlobals) = postSolution
		SolutionGuid = {4BAC5E6A-76E8-40B9-90F0-973D1CFDF8CD}
	EndGlobalSection
EndGlobal
